
Microsoft Visual Studio Solution File, Format Version 12.00
# Visual Studio Version 17
VisualStudioVersion = 17.13.35919.96 d17.13
MinimumVisualStudioVersion = 10.0.40219.1
Project("{FAE04EC0-301F-11D3-BF4B-00C04F79EFBC}") = "collegeAppBackend", "collegeAppBackend.csproj", "{B8CA52B8-8FF3-4529-BC46-DE125A3387E0}"
EndProject
Global
	GlobalSection(SolutionConfigurationPlatforms) = preSolution
		Debug|Any CPU = Debug|Any CPU
		Release|Any CPU = Release|Any CPU
	EndGlobalSection
	GlobalSection(ProjectConfigurationPlatforms) = postSolution
		{B8CA52B8-8FF3-4529-BC46-DE125A3387E0}.Debug|Any CPU.ActiveCfg = Debug|Any CPU
		{B8CA52B8-8FF3-4529-BC46-DE125A3387E0}.Debug|Any CPU.Build.0 = Debug|Any CPU
		{B8CA52B8-8FF3-4529-BC46-DE125A3387E0}.Release|Any CPU.ActiveCfg = Release|Any CPU
		{B8CA52B8-8FF3-4529-BC46-DE125A3387E0}.Release|Any CPU.Build.0 = Release|Any CPU
	EndGlobalSection
	GlobalSection(SolutionProperties) = preSolution
		HideSolutionNode = FALSE
	EndGlobalSection
	GlobalSection(ExtensibilityGlobals) = postSolution
		SolutionGuid = {443F7344-3CE1-4B84-8494-3F0B8AE38F73}
	EndGlobalSection
EndGlobal
